
Microsoft Visual Studio Solution File, Format Version 12.00
# Visual Studio Version 17
VisualStudioVersion = 17.2.32616.157
MinimumVisualStudioVersion = 10.0.40219.1
Project("{FAE04EC0-301F-11D3-BF4B-00C04F79EFBC}") = "FMS_App", "FMS_App\FMS_App.csproj", "{BA553A4B-0F8F-458C-BEC5-25AD477ED829}"
EndProject
Global
	GlobalSection(SolutionConfigurationPlatforms) = preSolution
		Debug|Any CPU = Debug|Any CPU
		Release|Any CPU = Release|Any CPU
	EndGlobalSection
	GlobalSection(ProjectConfigurationPlatforms) = postSolution
		{BA553A4B-0F8F-458C-BEC5-25AD477ED829}.Debug|Any CPU.ActiveCfg = Debug|Any CPU
		{BA553A4B-0F8F-458C-BEC5-25AD477ED829}.Debug|Any CPU.Build.0 = Debug|Any CPU
		{BA553A4B-0F8F-458C-BEC5-25AD477ED829}.Release|Any CPU.ActiveCfg = Release|Any CPU
		{BA553A4B-0F8F-458C-BEC5-25AD477ED829}.Release|Any CPU.Build.0 = Release|Any CPU
	EndGlobalSection
	GlobalSection(SolutionProperties) = preSolution
		HideSolutionNode = FALSE
	EndGlobalSection
	GlobalSection(ExtensibilityGlobals) = postSolution
		SolutionGuid = {330AC9DF-D67F-4AE5-B2EC-4398CC00CF36}
	EndGlobalSection
EndGlobal
